
Microsoft Visual Studio Solution File, Format Version 12.00
# Visual Studio Version 17
VisualStudioVersion = 17.9.34728.123
MinimumVisualStudioVersion = 10.0.40219.1
Project("{F184B08F-C81C-45F6-A57F-5ABD9991F28F}") = "Qy@BoardTesting", "Qy@BoardTesting\Qy@BoardTesting.vbproj", "{E750AE6C-AABD-4B9C-B986-A7FA467E31F3}"
EndProject
Global
	GlobalSection(SolutionConfigurationPlatforms) = preSolution
		Debug|Any CPU = Debug|Any CPU
		Release|Any CPU = Release|Any CPU
	EndGlobalSection
	GlobalSection(ProjectConfigurationPlatforms) = postSolution
		{E750AE6C-AABD-4B9C-B986-A7FA467E31F3}.Debug|Any CPU.ActiveCfg = Debug|Any CPU
		{E750AE6C-AABD-4B9C-B986-A7FA467E31F3}.Debug|Any CPU.Build.0 = Debug|Any CPU
		{E750AE6C-AABD-4B9C-B986-A7FA467E31F3}.Release|Any CPU.ActiveCfg = Release|Any CPU
		{E750AE6C-AABD-4B9C-B986-A7FA467E31F3}.Release|Any CPU.Build.0 = Release|Any CPU
	EndGlobalSection
	GlobalSection(SolutionProperties) = preSolution
		HideSolutionNode = FALSE
	EndGlobalSection
	GlobalSection(ExtensibilityGlobals) = postSolution
		SolutionGuid = {10EF36BB-8769-422E-B1EC-A1D1DA87E669}
	EndGlobalSection
EndGlobal
